
Microsoft Visual Studio Solution File, Format Version 12.00
# Visual Studio 14
VisualStudioVersion = 14.0.22013.1
MinimumVisualStudioVersion = 10.0.40219.1
Project("{FAE04EC0-301F-11D3-BF4B-00C04F79EFBC}") = "XPlatformCloudKit.Phone8", "XPlatformCloudKit.Phone8\XPlatformCloudKit.Phone8.csproj", "{EB23386F-8607-4836-9670-A7FB49C4D42C}"
EndProject
Project("{FAE04EC0-301F-11D3-BF4B-00C04F79EFBC}") = "XPlatformCloudKit.Win8", "XPlatformCloudKit.Win8\XPlatformCloudKit.Win8.csproj", "{AEE63638-485F-4239-A5B2-122423603DBB}"
EndProject
Project("{FAE04EC0-301F-11D3-BF4B-00C04F79EFBC}") = "XPlatformCloudKit.PCL", "XPlatformCloudKit.PCL\XPlatformCloudKit.PCL.csproj", "{98171E1A-B4D8-4D7D-8E23-022AA10A8255}"
EndProject
Project("{FAE04EC0-301F-11D3-BF4B-00C04F79EFBC}") = "AppSettingsSerializer", "AppSettingsSerializer\AppSettingsSerializer.csproj", "{9387D590-6FDF-46FA-8F6E-BDB4AD12BAF0}"
EndProject
Project("{FAE04EC0-301F-11D3-BF4B-00C04F79EFBC}") = "XPlatformCloudKit.Droid", "XPlatformCloudKit.Droid\XPlatformCloudKit.Droid.csproj", "{FD5158DE-8D0E-4D52-8C5A-4FD88D42C18D}"
EndProject
Project("{2150E333-8FDC-42A3-9474-1A3956D46DE8}") = "XPlatformCloudKit.Universal", "XPlatformCloudKit.Universal", "{FA4A7D1D-AAF1-44C8-A6CC-72EF57351343}"
EndProject
Project("{D954291E-2A0B-460D-934E-DC6B0785DB48}") = "XPlatformCloudKit.Shared", "XPlatformCloudKit.Universal\XPlatformCloudKit.Shared\XPlatformCloudKit.Shared.shproj", "{741171E8-2458-4152-89BC-6B6B4C74813D}"
EndProject
Project("{FAE04EC0-301F-11D3-BF4B-00C04F79EFBC}") = "XPlatformCloudKit.Win81", "XPlatformCloudKit.Universal\XPlatformCloudKit.Win81\XPlatformCloudKit.Win81.csproj", "{A33CC8F8-3122-499C-846F-911819B69C03}"
EndProject
Project("{FAE04EC0-301F-11D3-BF4B-00C04F79EFBC}") = "XPlatformCloudKit.Phone81", "XPlatformCloudKit.Universal\XPlatformCloudKit.Phone81\XPlatformCloudKit.Phone81.csproj", "{020C4F4B-608D-44AF-9A73-FD294B6B875E}"
EndProject
Project("{FAE04EC0-301F-11D3-BF4B-00C04F79EFBC}") = "XPlatformCloudKit.Tests", "XPlatformCloudKit.Tests\XPlatformCloudKit.Tests.csproj", "{DDC1503D-2D86-4360-B8A2-33A47AB8E9CD}"
EndProject
Global
	GlobalSection(SharedMSBuildProjectFiles) = preSolution
		XPlatformCloudKit.Universal\XPlatformCloudKit.Shared\XPlatformCloudKit.Shared.projitems*{020c4f4b-608d-44af-9a73-fd294b6b875e}*SharedItemsImports = 4
		XPlatformCloudKit.Universal\XPlatformCloudKit.Shared\XPlatformCloudKit.Shared.projitems*{a33cc8f8-3122-499c-846f-911819b69c03}*SharedItemsImports = 4
		XPlatformCloudKit.Universal\XPlatformCloudKit.Shared\XPlatformCloudKit.Shared.projitems*{741171e8-2458-4152-89bc-6b6b4c74813d}*SharedItemsImports = 13
	EndGlobalSection
	GlobalSection(SolutionConfigurationPlatforms) = preSolution
		Debug|Any CPU = Debug|Any CPU
		Debug|ARM = Debug|ARM
		Debug|x64 = Debug|x64
		Debug|x86 = Debug|x86
		Release|Any CPU = Release|Any CPU
		Release|ARM = Release|ARM
		Release|x64 = Release|x64
		Release|x86 = Release|x86
	EndGlobalSection
	GlobalSection(ProjectConfigurationPlatforms) = postSolution
		{EB23386F-8607-4836-9670-A7FB49C4D42C}.Debug|Any CPU.ActiveCfg = Debug|Any CPU
		{EB23386F-8607-4836-9670-A7FB49C4D42C}.Debug|Any CPU.Build.0 = Debug|Any CPU
		{EB23386F-8607-4836-9670-A7FB49C4D42C}.Debug|Any CPU.Deploy.0 = Debug|Any CPU
		{EB23386F-8607-4836-9670-A7FB49C4D42C}.Debug|ARM.ActiveCfg = Debug|ARM
		{EB23386F-8607-4836-9670-A7FB49C4D42C}.Debug|ARM.Build.0 = Debug|ARM
		{EB23386F-8607-4836-9670-A7FB49C4D42C}.Debug|ARM.Deploy.0 = Debug|ARM
		{EB23386F-8607-4836-9670-A7FB49C4D42C}.Debug|x64.ActiveCfg = Debug|Any CPU
		{EB23386F-8607-4836-9670-A7FB49C4D42C}.Debug|x86.ActiveCfg = Debug|x86
		{EB23386F-8607-4836-9670-A7FB49C4D42C}.Debug|x86.Build.0 = Debug|x86
		{EB23386F-8607-4836-9670-A7FB49C4D42C}.Debug|x86.Deploy.0 = Debug|x86
		{EB23386F-8607-4836-9670-A7FB49C4D42C}.Release|Any CPU.ActiveCfg = Release|Any CPU
		{EB23386F-8607-4836-9670-A7FB49C4D42C}.Release|Any CPU.Build.0 = Release|Any CPU
		{EB23386F-8607-4836-9670-A7FB49C4D42C}.Release|Any CPU.Deploy.0 = Release|Any CPU
		{EB23386F-8607-4836-9670-A7FB49C4D42C}.Release|ARM.ActiveCfg = Release|ARM
		{EB23386F-8607-4836-9670-A7FB49C4D42C}.Release|ARM.Build.0 = Release|ARM
		{EB23386F-8607-4836-9670-A7FB49C4D42C}.Release|ARM.Deploy.0 = Release|ARM
		{EB23386F-8607-4836-9670-A7FB49C4D42C}.Release|x64.ActiveCfg = Release|Any CPU
		{EB23386F-8607-4836-9670-A7FB49C4D42C}.Release|x86.ActiveCfg = Release|x86
		{EB23386F-8607-4836-9670-A7FB49C4D42C}.Release|x86.Build.0 = Release|x86
		{EB23386F-8607-4836-9670-A7FB49C4D42C}.Release|x86.Deploy.0 = Release|x86
		{AEE63638-485F-4239-A5B2-122423603DBB}.Debug|Any CPU.ActiveCfg = Debug|Any CPU
		{AEE63638-485F-4239-A5B2-122423603DBB}.Debug|Any CPU.Build.0 = Debug|Any CPU
		{AEE63638-485F-4239-A5B2-122423603DBB}.Debug|Any CPU.Deploy.0 = Debug|Any CPU
		{AEE63638-485F-4239-A5B2-122423603DBB}.Debug|ARM.ActiveCfg = Debug|ARM
		{AEE63638-485F-4239-A5B2-122423603DBB}.Debug|ARM.Build.0 = Debug|ARM
		{AEE63638-485F-4239-A5B2-122423603DBB}.Debug|ARM.Deploy.0 = Debug|ARM
		{AEE63638-485F-4239-A5B2-122423603DBB}.Debug|x64.ActiveCfg = Debug|x64
		{AEE63638-485F-4239-A5B2-122423603DBB}.Debug|x64.Build.0 = Debug|x64
		{AEE63638-485F-4239-A5B2-122423603DBB}.Debug|x64.Deploy.0 = Debug|x64
		{AEE63638-485F-4239-A5B2-122423603DBB}.Debug|x86.ActiveCfg = Debug|x86
		{AEE63638-485F-4239-A5B2-122423603DBB}.Debug|x86.Build.0 = Debug|x86
		{AEE63638-485F-4239-A5B2-122423603DBB}.Debug|x86.Deploy.0 = Debug|x86
		{AEE63638-485F-4239-A5B2-122423603DBB}.Release|Any CPU.ActiveCfg = Release|Any CPU
		{AEE63638-485F-4239-A5B2-122423603DBB}.Release|Any CPU.Build.0 = Release|Any CPU
		{AEE63638-485F-4239-A5B2-122423603DBB}.Release|Any CPU.Deploy.0 = Release|Any CPU
		{AEE63638-485F-4239-A5B2-122423603DBB}.Release|ARM.ActiveCfg = Release|ARM
		{AEE63638-485F-4239-A5B2-122423603DBB}.Release|ARM.Build.0 = Release|ARM
		{AEE63638-485F-4239-A5B2-122423603DBB}.Release|ARM.Deploy.0 = Release|ARM
		{AEE63638-485F-4239-A5B2-122423603DBB}.Release|x64.ActiveCfg = Release|x64
		{AEE63638-485F-4239-A5B2-122423603DBB}.Release|x64.Build.0 = Release|x64
		{AEE63638-485F-4239-A5B2-122423603DBB}.Release|x64.Deploy.0 = Release|x64
		{AEE63638-485F-4239-A5B2-122423603DBB}.Release|x86.ActiveCfg = Release|x86
		{AEE63638-485F-4239-A5B2-122423603DBB}.Release|x86.Build.0 = Release|x86
		{AEE63638-485F-4239-A5B2-122423603DBB}.Release|x86.Deploy.0 = Release|x86
		{98171E1A-B4D8-4D7D-8E23-022AA10A8255}.Debug|Any CPU.ActiveCfg = Debug|Any CPU
		{98171E1A-B4D8-4D7D-8E23-022AA10A8255}.Debug|Any CPU.Build.0 = Debug|Any CPU
		{98171E1A-B4D8-4D7D-8E23-022AA10A8255}.Debug|ARM.ActiveCfg = Debug|Any CPU
		{98171E1A-B4D8-4D7D-8E23-022AA10A8255}.Debug|x64.ActiveCfg = Debug|Any CPU
		{98171E1A-B4D8-4D7D-8E23-022AA10A8255}.Debug|x86.ActiveCfg = Debug|Any CPU
		{98171E1A-B4D8-4D7D-8E23-022AA10A8255}.Release|Any CPU.ActiveCfg = Release|Any CPU
		{98171E1A-B4D8-4D7D-8E23-022AA10A8255}.Release|Any CPU.Build.0 = Release|Any CPU
		{98171E1A-B4D8-4D7D-8E23-022AA10A8255}.Release|ARM.ActiveCfg = Release|Any CPU
		{98171E1A-B4D8-4D7D-8E23-022AA10A8255}.Release|x64.ActiveCfg = Release|Any CPU
		{98171E1A-B4D8-4D7D-8E23-022AA10A8255}.Release|x86.ActiveCfg = Release|Any CPU
		{9387D590-6FDF-46FA-8F6E-BDB4AD12BAF0}.Debug|Any CPU.ActiveCfg = Debug|Any CPU
		{9387D590-6FDF-46FA-8F6E-BDB4AD12BAF0}.Debug|Any CPU.Build.0 = Debug|Any CPU
		{9387D590-6FDF-46FA-8F6E-BDB4AD12BAF0}.Debug|ARM.ActiveCfg = Debug|Any CPU
		{9387D590-6FDF-46FA-8F6E-BDB4AD12BAF0}.Debug|x64.ActiveCfg = Debug|Any CPU
		{9387D590-6FDF-46FA-8F6E-BDB4AD12BAF0}.Debug|x86.ActiveCfg = Debug|Any CPU
		{9387D590-6FDF-46FA-8F6E-BDB4AD12BAF0}.Release|Any CPU.ActiveCfg = Release|Any CPU
		{9387D590-6FDF-46FA-8F6E-BDB4AD12BAF0}.Release|Any CPU.Build.0 = Release|Any CPU
		{9387D590-6FDF-46FA-8F6E-BDB4AD12BAF0}.Release|ARM.ActiveCfg = Release|Any CPU
		{9387D590-6FDF-46FA-8F6E-BDB4AD12BAF0}.Release|x64.ActiveCfg = Release|Any CPU
		{9387D590-6FDF-46FA-8F6E-BDB4AD12BAF0}.Release|x86.ActiveCfg = Release|Any CPU
		{FD5158DE-8D0E-4D52-8C5A-4FD88D42C18D}.Debug|Any CPU.ActiveCfg = Debug|Any CPU
		{FD5158DE-8D0E-4D52-8C5A-4FD88D42C18D}.Debug|Any CPU.Build.0 = Debug|Any CPU
		{FD5158DE-8D0E-4D52-8C5A-4FD88D42C18D}.Debug|Any CPU.Deploy.0 = Debug|Any CPU
		{FD5158DE-8D0E-4D52-8C5A-4FD88D42C18D}.Debug|ARM.ActiveCfg = Debug|Any CPU
		{FD5158DE-8D0E-4D52-8C5A-4FD88D42C18D}.Debug|x64.ActiveCfg = Debug|Any CPU
		{FD5158DE-8D0E-4D52-8C5A-4FD88D42C18D}.Debug|x86.ActiveCfg = Debug|Any CPU
		{FD5158DE-8D0E-4D52-8C5A-4FD88D42C18D}.Release|Any CPU.ActiveCfg = Release|Any CPU
		{FD5158DE-8D0E-4D52-8C5A-4FD88D42C18D}.Release|Any CPU.Build.0 = Release|Any CPU
		{FD5158DE-8D0E-4D52-8C5A-4FD88D42C18D}.Release|Any CPU.Deploy.0 = Release|Any CPU
		{FD5158DE-8D0E-4D52-8C5A-4FD88D42C18D}.Release|ARM.ActiveCfg = Release|Any CPU
		{FD5158DE-8D0E-4D52-8C5A-4FD88D42C18D}.Release|x64.ActiveCfg = Release|Any CPU
		{FD5158DE-8D0E-4D52-8C5A-4FD88D42C18D}.Release|x86.ActiveCfg = Release|Any CPU
		{A33CC8F8-3122-499C-846F-911819B69C03}.Debug|Any CPU.ActiveCfg = Debug|Any CPU
		{A33CC8F8-3122-499C-846F-911819B69C03}.Debug|Any CPU.Build.0 = Debug|Any CPU
		{A33CC8F8-3122-499C-846F-911819B69C03}.Debug|Any CPU.Deploy.0 = Debug|Any CPU
		{A33CC8F8-3122-499C-846F-911819B69C03}.Debug|ARM.ActiveCfg = Debug|ARM
		{A33CC8F8-3122-499C-846F-911819B69C03}.Debug|ARM.Build.0 = Debug|ARM
		{A33CC8F8-3122-499C-846F-911819B69C03}.Debug|ARM.Deploy.0 = Debug|ARM
		{A33CC8F8-3122-499C-846F-911819B69C03}.Debug|x64.ActiveCfg = Debug|x64
		{A33CC8F8-3122-499C-846F-911819B69C03}.Debug|x64.Build.0 = Debug|x64
		{A33CC8F8-3122-499C-846F-911819B69C03}.Debug|x64.Deploy.0 = Debug|x64
		{A33CC8F8-3122-499C-846F-911819B69C03}.Debug|x86.ActiveCfg = Debug|x86
		{A33CC8F8-3122-499C-846F-911819B69C03}.Debug|x86.Build.0 = Debug|x86
		{A33CC8F8-3122-499C-846F-911819B69C03}.Debug|x86.Deploy.0 = Debug|x86
		{A33CC8F8-3122-499C-846F-911819B69C03}.Release|Any CPU.ActiveCfg = Release|Any CPU
		{A33CC8F8-3122-499C-846F-911819B69C03}.Release|Any CPU.Build.0 = Release|Any CPU
		{A33CC8F8-3122-499C-846F-911819B69C03}.Release|Any CPU.Deploy.0 = Release|Any CPU
		{A33CC8F8-3122-499C-846F-911819B69C03}.Release|ARM.ActiveCfg = Release|ARM
		{A33CC8F8-3122-499C-846F-911819B69C03}.Release|ARM.Build.0 = Release|ARM
		{A33CC8F8-3122-499C-846F-911819B69C03}.Release|ARM.Deploy.0 = Release|ARM
		{A33CC8F8-3122-499C-846F-911819B69C03}.Release|x64.ActiveCfg = Release|x64
		{A33CC8F8-3122-499C-846F-911819B69C03}.Release|x64.Build.0 = Release|x64
		{A33CC8F8-3122-499C-846F-911819B69C03}.Release|x64.Deploy.0 = Release|x64
		{A33CC8F8-3122-499C-846F-911819B69C03}.Release|x86.ActiveCfg = Release|x86
		{A33CC8F8-3122-499C-846F-911819B69C03}.Release|x86.Build.0 = Release|x86
		{A33CC8F8-3122-499C-846F-911819B69C03}.Release|x86.Deploy.0 = Release|x86
		{020C4F4B-608D-44AF-9A73-FD294B6B875E}.Debug|Any CPU.ActiveCfg = Debug|Any CPU
		{020C4F4B-608D-44AF-9A73-FD294B6B875E}.Debug|Any CPU.Build.0 = Debug|Any CPU
		{020C4F4B-608D-44AF-9A73-FD294B6B875E}.Debug|Any CPU.Deploy.0 = Debug|Any CPU
		{020C4F4B-608D-44AF-9A73-FD294B6B875E}.Debug|ARM.ActiveCfg = Debug|ARM
		{020C4F4B-608D-44AF-9A73-FD294B6B875E}.Debug|ARM.Build.0 = Debug|ARM
		{020C4F4B-608D-44AF-9A73-FD294B6B875E}.Debug|ARM.Deploy.0 = Debug|ARM
		{020C4F4B-608D-44AF-9A73-FD294B6B875E}.Debug|x64.ActiveCfg = Debug|Any CPU
		{020C4F4B-608D-44AF-9A73-FD294B6B875E}.Debug|x86.ActiveCfg = Debug|x86
		{020C4F4B-608D-44AF-9A73-FD294B6B875E}.Debug|x86.Build.0 = Debug|x86
		{020C4F4B-608D-44AF-9A73-FD294B6B875E}.Debug|x86.Deploy.0 = Debug|x86
		{020C4F4B-608D-44AF-9A73-FD294B6B875E}.Release|Any CPU.ActiveCfg = Release|Any CPU
		{020C4F4B-608D-44AF-9A73-FD294B6B875E}.Release|Any CPU.Build.0 = Release|Any CPU
		{020C4F4B-608D-44AF-9A73-FD294B6B875E}.Release|Any CPU.Deploy.0 = Release|Any CPU
		{020C4F4B-608D-44AF-9A73-FD294B6B875E}.Release|ARM.ActiveCfg = Release|ARM
		{020C4F4B-608D-44AF-9A73-FD294B6B875E}.Release|ARM.Build.0 = Release|ARM
		{020C4F4B-608D-44AF-9A73-FD294B6B875E}.Release|ARM.Deploy.0 = Release|ARM
		{020C4F4B-608D-44AF-9A73-FD294B6B875E}.Release|x64.ActiveCfg = Release|Any CPU
		{020C4F4B-608D-44AF-9A73-FD294B6B875E}.Release|x86.ActiveCfg = Release|x86
		{020C4F4B-608D-44AF-9A73-FD294B6B875E}.Release|x86.Build.0 = Release|x86
		{020C4F4B-608D-44AF-9A73-FD294B6B875E}.Release|x86.Deploy.0 = Release|x86
		{DDC1503D-2D86-4360-B8A2-33A47AB8E9CD}.Debug|Any CPU.ActiveCfg = Debug|Any CPU
		{DDC1503D-2D86-4360-B8A2-33A47AB8E9CD}.Debug|Any CPU.Build.0 = Debug|Any CPU
		{DDC1503D-2D86-4360-B8A2-33A47AB8E9CD}.Debug|ARM.ActiveCfg = Debug|Any CPU
		{DDC1503D-2D86-4360-B8A2-33A47AB8E9CD}.Debug|x64.ActiveCfg = Debug|Any CPU
		{DDC1503D-2D86-4360-B8A2-33A47AB8E9CD}.Debug|x86.ActiveCfg = Debug|Any CPU
		{DDC1503D-2D86-4360-B8A2-33A47AB8E9CD}.Release|Any CPU.ActiveCfg = Release|Any CPU
		{DDC1503D-2D86-4360-B8A2-33A47AB8E9CD}.Release|Any CPU.Build.0 = Release|Any CPU
		{DDC1503D-2D86-4360-B8A2-33A47AB8E9CD}.Release|ARM.ActiveCfg = Release|Any CPU
		{DDC1503D-2D86-4360-B8A2-33A47AB8E9CD}.Release|x64.ActiveCfg = Release|Any CPU
		{DDC1503D-2D86-4360-B8A2-33A47AB8E9CD}.Release|x86.ActiveCfg = Release|Any CPU
	EndGlobalSection
	GlobalSection(SolutionProperties) = preSolution
		HideSolutionNode = FALSE
	EndGlobalSection
	GlobalSection(NestedProjects) = preSolution
		{741171E8-2458-4152-89BC-6B6B4C74813D} = {FA4A7D1D-AAF1-44C8-A6CC-72EF57351343}
		{A33CC8F8-3122-499C-846F-911819B69C03} = {FA4A7D1D-AAF1-44C8-A6CC-72EF57351343}
		{020C4F4B-608D-44AF-9A73-FD294B6B875E} = {FA4A7D1D-AAF1-44C8-A6CC-72EF57351343}
	EndGlobalSection
EndGlobal
